
Microsoft Visual Studio Solution File, Format Version 12.00
# Visual Studio Version 16
VisualStudioVersion = 16.0.29519.87
MinimumVisualStudioVersion = 10.0.40219.1
Project("{9A19103F-16F7-4668-BE54-9A1E7A4F7556}") = "day_01", "day_01\day_01.csproj", "{BBF43EBC-84B4-4E14-B81F-76DBC2F17EC0}"
EndProject
Global
	GlobalSection(SolutionConfigurationPlatforms) = preSolution
		Debug|Any CPU = Debug|Any CPU
		Release|Any CPU = Release|Any CPU
	EndGlobalSection
	GlobalSection(ProjectConfigurationPlatforms) = postSolution
		{BBF43EBC-84B4-4E14-B81F-76DBC2F17EC0}.Debug|Any CPU.ActiveCfg = Debug|Any CPU
		{BBF43EBC-84B4-4E14-B81F-76DBC2F17EC0}.Debug|Any CPU.Build.0 = Debug|Any CPU
		{BBF43EBC-84B4-4E14-B81F-76DBC2F17EC0}.Release|Any CPU.ActiveCfg = Release|Any CPU
		{BBF43EBC-84B4-4E14-B81F-76DBC2F17EC0}.Release|Any CPU.Build.0 = Release|Any CPU
	EndGlobalSection
	GlobalSection(SolutionProperties) = preSolution
		HideSolutionNode = FALSE
	EndGlobalSection
	GlobalSection(ExtensibilityGlobals) = postSolution
		SolutionGuid = {D6ADD147-6EDC-4D06-A53F-5ABE9E4B6907}
	EndGlobalSection
EndGlobal
