
Microsoft Visual Studio Solution File, Format Version 12.00
# Visual Studio Version 16
VisualStudioVersion = 16.0.29519.87
MinimumVisualStudioVersion = 10.0.40219.1
Project("{9A19103F-16F7-4668-BE54-9A1E7A4F7556}") = "day_01", "day_01\day_01.csproj", "{BBF43EBC-84B4-4E14-B81F-76DBC2F17EC0}"
EndProject
Project("{9A19103F-16F7-4668-BE54-9A1E7A4F7556}") = "day_02", "day_02\day_02.csproj", "{419ADB72-330D-4AD2-8AA6-DF2AFCB4C641}"
EndProject
Project("{9A19103F-16F7-4668-BE54-9A1E7A4F7556}") = "day_03", "day_03\day_03.csproj", "{5C2776E6-B713-4041-83E7-A48C397510D6}"
EndProject
Project("{9A19103F-16F7-4668-BE54-9A1E7A4F7556}") = "day_04", "day_04\day_04.csproj", "{8B6AE110-45AC-4CF3-939B-665F20223B66}"
EndProject
Project("{9A19103F-16F7-4668-BE54-9A1E7A4F7556}") = "day_05", "day_05\day_05.csproj", "{FE66678A-ED11-4B70-B211-FA3B1F08A4F7}"
EndProject
Project("{FAE04EC0-301F-11D3-BF4B-00C04F79EFBC}") = "day_06", "day_06\day_06.csproj", "{CAF04215-07E4-4858-AC68-F5D54A6788E0}"
EndProject
Global
	GlobalSection(SolutionConfigurationPlatforms) = preSolution
		Debug|Any CPU = Debug|Any CPU
		Release|Any CPU = Release|Any CPU
	EndGlobalSection
	GlobalSection(ProjectConfigurationPlatforms) = postSolution
		{BBF43EBC-84B4-4E14-B81F-76DBC2F17EC0}.Debug|Any CPU.ActiveCfg = Debug|Any CPU
		{BBF43EBC-84B4-4E14-B81F-76DBC2F17EC0}.Debug|Any CPU.Build.0 = Debug|Any CPU
		{BBF43EBC-84B4-4E14-B81F-76DBC2F17EC0}.Release|Any CPU.ActiveCfg = Release|Any CPU
		{BBF43EBC-84B4-4E14-B81F-76DBC2F17EC0}.Release|Any CPU.Build.0 = Release|Any CPU
		{419ADB72-330D-4AD2-8AA6-DF2AFCB4C641}.Debug|Any CPU.ActiveCfg = Debug|Any CPU
		{419ADB72-330D-4AD2-8AA6-DF2AFCB4C641}.Debug|Any CPU.Build.0 = Debug|Any CPU
		{419ADB72-330D-4AD2-8AA6-DF2AFCB4C641}.Release|Any CPU.ActiveCfg = Release|Any CPU
		{419ADB72-330D-4AD2-8AA6-DF2AFCB4C641}.Release|Any CPU.Build.0 = Release|Any CPU
		{5C2776E6-B713-4041-83E7-A48C397510D6}.Debug|Any CPU.ActiveCfg = Debug|Any CPU
		{5C2776E6-B713-4041-83E7-A48C397510D6}.Debug|Any CPU.Build.0 = Debug|Any CPU
		{5C2776E6-B713-4041-83E7-A48C397510D6}.Release|Any CPU.ActiveCfg = Release|Any CPU
		{5C2776E6-B713-4041-83E7-A48C397510D6}.Release|Any CPU.Build.0 = Release|Any CPU
		{8B6AE110-45AC-4CF3-939B-665F20223B66}.Debug|Any CPU.ActiveCfg = Debug|Any CPU
		{8B6AE110-45AC-4CF3-939B-665F20223B66}.Debug|Any CPU.Build.0 = Debug|Any CPU
		{8B6AE110-45AC-4CF3-939B-665F20223B66}.Release|Any CPU.ActiveCfg = Release|Any CPU
		{8B6AE110-45AC-4CF3-939B-665F20223B66}.Release|Any CPU.Build.0 = Release|Any CPU
		{FE66678A-ED11-4B70-B211-FA3B1F08A4F7}.Debug|Any CPU.ActiveCfg = Debug|Any CPU
		{FE66678A-ED11-4B70-B211-FA3B1F08A4F7}.Debug|Any CPU.Build.0 = Debug|Any CPU
		{FE66678A-ED11-4B70-B211-FA3B1F08A4F7}.Release|Any CPU.ActiveCfg = Release|Any CPU
		{FE66678A-ED11-4B70-B211-FA3B1F08A4F7}.Release|Any CPU.Build.0 = Release|Any CPU
		{CAF04215-07E4-4858-AC68-F5D54A6788E0}.Debug|Any CPU.ActiveCfg = Debug|Any CPU
		{CAF04215-07E4-4858-AC68-F5D54A6788E0}.Debug|Any CPU.Build.0 = Debug|Any CPU
		{CAF04215-07E4-4858-AC68-F5D54A6788E0}.Release|Any CPU.ActiveCfg = Release|Any CPU
		{CAF04215-07E4-4858-AC68-F5D54A6788E0}.Release|Any CPU.Build.0 = Release|Any CPU
	EndGlobalSection
	GlobalSection(SolutionProperties) = preSolution
		HideSolutionNode = FALSE
	EndGlobalSection
	GlobalSection(ExtensibilityGlobals) = postSolution
		SolutionGuid = {D6ADD147-6EDC-4D06-A53F-5ABE9E4B6907}
	EndGlobalSection
EndGlobal
